
Microsoft Visual Studio Solution File, Format Version 12.00
# Visual Studio Version 17
VisualStudioVersion = 17.11.35219.272
MinimumVisualStudioVersion = 10.0.40219.1
Project("{9A19103F-16F7-4668-BE54-9A1E7A4F7556}") = "EmailNotification.API", "EmailNotification\EmailNotification.API.csproj", "{FCF68B70-89EE-4088-B3A9-BB71C183B1C0}"
EndProject
Project("{E53339B2-1760-4266-BCC7-CA923CBCF16C}") = "docker-compose", "docker-compose.dcproj", "{FDDAD9D5-763B-461B-9B03-3E49ABF8DE5D}"
EndProject
Project("{9A19103F-16F7-4668-BE54-9A1E7A4F7556}") = "EmailNotification.Core", "EmailNotification.Core\EmailNotification.Core.csproj", "{A1BE9BEF-2696-4D0B-8436-0BDAE7ECCB17}"
EndProject
Project("{FAE04EC0-301F-11D3-BF4B-00C04F79EFBC}") = "EmailNotification.Infrastructure", "EmailNotification.Infrastructure\EmailNotification.Infrastructure.csproj", "{8C54E026-4E95-46C4-BACA-F3C8A4C54C61}"
EndProject
Global
	GlobalSection(SolutionConfigurationPlatforms) = preSolution
		Debug|Any CPU = Debug|Any CPU
		Release|Any CPU = Release|Any CPU
	EndGlobalSection
	GlobalSection(ProjectConfigurationPlatforms) = postSolution
		{FCF68B70-89EE-4088-B3A9-BB71C183B1C0}.Debug|Any CPU.ActiveCfg = Debug|Any CPU
		{FCF68B70-89EE-4088-B3A9-BB71C183B1C0}.Debug|Any CPU.Build.0 = Debug|Any CPU
		{FCF68B70-89EE-4088-B3A9-BB71C183B1C0}.Release|Any CPU.ActiveCfg = Release|Any CPU
		{FCF68B70-89EE-4088-B3A9-BB71C183B1C0}.Release|Any CPU.Build.0 = Release|Any CPU
		{FDDAD9D5-763B-461B-9B03-3E49ABF8DE5D}.Debug|Any CPU.ActiveCfg = Debug|Any CPU
		{FDDAD9D5-763B-461B-9B03-3E49ABF8DE5D}.Debug|Any CPU.Build.0 = Debug|Any CPU
		{FDDAD9D5-763B-461B-9B03-3E49ABF8DE5D}.Release|Any CPU.ActiveCfg = Release|Any CPU
		{FDDAD9D5-763B-461B-9B03-3E49ABF8DE5D}.Release|Any CPU.Build.0 = Release|Any CPU
		{A1BE9BEF-2696-4D0B-8436-0BDAE7ECCB17}.Debug|Any CPU.ActiveCfg = Debug|Any CPU
		{A1BE9BEF-2696-4D0B-8436-0BDAE7ECCB17}.Debug|Any CPU.Build.0 = Debug|Any CPU
		{A1BE9BEF-2696-4D0B-8436-0BDAE7ECCB17}.Release|Any CPU.ActiveCfg = Release|Any CPU
		{A1BE9BEF-2696-4D0B-8436-0BDAE7ECCB17}.Release|Any CPU.Build.0 = Release|Any CPU
		{8C54E026-4E95-46C4-BACA-F3C8A4C54C61}.Debug|Any CPU.ActiveCfg = Debug|Any CPU
		{8C54E026-4E95-46C4-BACA-F3C8A4C54C61}.Debug|Any CPU.Build.0 = Debug|Any CPU
		{8C54E026-4E95-46C4-BACA-F3C8A4C54C61}.Release|Any CPU.ActiveCfg = Release|Any CPU
		{8C54E026-4E95-46C4-BACA-F3C8A4C54C61}.Release|Any CPU.Build.0 = Release|Any CPU
	EndGlobalSection
	GlobalSection(SolutionProperties) = preSolution
		HideSolutionNode = FALSE
	EndGlobalSection
	GlobalSection(ExtensibilityGlobals) = postSolution
		SolutionGuid = {700D4573-6F29-4AF9-9FF5-454C6376FB81}
	EndGlobalSection
EndGlobal
