
Microsoft Visual Studio Solution File, Format Version 12.00
# Visual Studio Version 17
VisualStudioVersion = 17.11.35219.272
MinimumVisualStudioVersion = 10.0.40219.1
Project("{9A19103F-16F7-4668-BE54-9A1E7A4F7556}") = "EmailNotification.API", "EmailNotification.API\EmailNotification.API.csproj", "{FCF68B70-89EE-4088-B3A9-BB71C183B1C0}"
EndProject
Project("{E53339B2-1760-4266-BCC7-CA923CBCF16C}") = "docker-compose", "docker-compose.dcproj", "{FDDAD9D5-763B-461B-9B03-3E49ABF8DE5D}"
EndProject
Project("{9A19103F-16F7-4668-BE54-9A1E7A4F7556}") = "EmailNotification.Core", "EmailNotification.Core\EmailNotification.Core.csproj", "{A1BE9BEF-2696-4D0B-8436-0BDAE7ECCB17}"
EndProject
Project("{9A19103F-16F7-4668-BE54-9A1E7A4F7556}") = "EmailNotification.Infrastructure", "EmailNotification.Infrastructure\EmailNotification.Infrastructure.csproj", "{8C54E026-4E95-46C4-BACA-F3C8A4C54C61}"
EndProject
Project("{9A19103F-16F7-4668-BE54-9A1E7A4F7556}") = "EmailNotification.Application", "EmailNotification.Application\EmailNotification.Application.csproj", "{ED6C17FC-1BC9-4564-8C55-0837FDC926B1}"
EndProject
Project("{9A19103F-16F7-4668-BE54-9A1E7A4F7556}") = "EmailNotification.EmailService", "EmailNotification.EmailService\EmailNotification.EmailService.csproj", "{97487578-A198-4532-A74E-9AF3A223E1D1}"
EndProject
Project("{9A19103F-16F7-4668-BE54-9A1E7A4F7556}") = "EmailNotification.CronJobWorker", "EmailNotification.CronJobWorker\EmailNotification.CronJobWorker.csproj", "{560EAC85-94AC-48F5-851E-32D1680E7A41}"
EndProject
Project("{2150E333-8FDC-42A3-9474-1A3956D46DE8}") = "Account", "Account", "{F3B4D753-FA1A-433C-86D7-CAF37A57A2A0}"
EndProject
Project("{2150E333-8FDC-42A3-9474-1A3956D46DE8}") = "Timer", "Timer", "{AB5DF907-6F59-476C-B718-BA5F86D2598D}"
EndProject
Project("{2150E333-8FDC-42A3-9474-1A3956D46DE8}") = "Commons", "Commons", "{14F4A126-4EB5-4D61-9848-7F59CA1E3982}"
EndProject
Project("{9A19103F-16F7-4668-BE54-9A1E7A4F7556}") = "Common.BaseService", "BaseService\Common.BaseService.csproj", "{B21BE443-6729-4259-A553-4C8ABA3E68F8}"
EndProject
Project("{2150E333-8FDC-42A3-9474-1A3956D46DE8}") = "Microservices", "Microservices", "{45431AA5-F22A-4CB0-A608-95B703BFD809}"
EndProject
Project("{2150E333-8FDC-42A3-9474-1A3956D46DE8}") = "Cart", "Cart", "{941C9478-43D5-4B03-AE92-ECCCDCCFACC7}"
EndProject
Project("{2150E333-8FDC-42A3-9474-1A3956D46DE8}") = "Product", "Product", "{1BFAC351-F44B-42D4-B88F-CD4516E0EE67}"
EndProject
Project("{9A19103F-16F7-4668-BE54-9A1E7A4F7556}") = "Product.API", "Microservices\Product\Product.API\Product.API.csproj", "{1D8B480D-B6CB-4274-ADFF-623837FAC344}"
EndProject
Project("{9A19103F-16F7-4668-BE54-9A1E7A4F7556}") = "Product.Core", "Microservices\Product\Product.Core\Product.Core.csproj", "{5563FED2-808A-43AA-BE3E-916F6B38AEB8}"
EndProject
Project("{9A19103F-16F7-4668-BE54-9A1E7A4F7556}") = "Product.Application", "Microservices\Product\Product.Application\Product.Application.csproj", "{76A649B3-791F-454B-984C-E33C929F5541}"
EndProject
Project("{9A19103F-16F7-4668-BE54-9A1E7A4F7556}") = "Product.Infrastructure", "Microservices\Product\Product.Infrastructure\Product.Infrastructure.csproj", "{A9966593-B588-489B-91F9-3672A31ACEE9}"
EndProject
Project("{9A19103F-16F7-4668-BE54-9A1E7A4F7556}") = "Cart.API", "Microservices\Cart\Cart.API\Cart.API.csproj", "{D8090CC8-4B95-4F15-AB50-8E77E0A5AB11}"
EndProject
Project("{9A19103F-16F7-4668-BE54-9A1E7A4F7556}") = "Cart.Core", "Microservices\Cart\Cart.Core\Cart.Core.csproj", "{14C3004E-A308-4F61-A60A-A092A487EBB2}"
EndProject
Project("{9A19103F-16F7-4668-BE54-9A1E7A4F7556}") = "Cart.Application", "Microservices\Cart\Cart.Application\Cart.Application.csproj", "{C4FE7FAC-C6C0-44B9-823F-359F801BF132}"
EndProject
Project("{9A19103F-16F7-4668-BE54-9A1E7A4F7556}") = "Cart.Infrastructure", "Microservices\Cart\Cart.Infrastructure\Cart.Infrastructure.csproj", "{1A03A0E9-D6B9-42BA-8051-3CE01A8BD7BF}"
EndProject
Project("{9A19103F-16F7-4668-BE54-9A1E7A4F7556}") = "Cart.UnitTests", "Microservices\Cart\Cart.UnitTests\Cart.UnitTests.csproj", "{496A7796-20AC-4A65-82FF-A44F6E8A6F62}"
EndProject
Project("{9A19103F-16F7-4668-BE54-9A1E7A4F7556}") = "Product.UnitTests", "Microservices\Product\Product.UnitTests\Product.UnitTests.csproj", "{DAF5F199-CB08-40F6-A76D-B6CE4A766950}"
EndProject
Project("{2150E333-8FDC-42A3-9474-1A3956D46DE8}") = "NotificationSystem", "NotificationSystem", "{EBE38069-170B-4FB0-9712-3E96FA7D9ABE}"
EndProject
Project("{9A19103F-16F7-4668-BE54-9A1E7A4F7556}") = "NotificationSystem", "NotificationSystem\NotificationSystem\NotificationSystem.csproj", "{7BDA6CE8-0D55-4DEC-9CD3-5807A17CE92C}"
EndProject
Project("{FAE04EC0-301F-11D3-BF4B-00C04F79EFBC}") = "NotificationSystem.UnitTests", "NotificationSystem\NotificationSystem.UnitTests\NotificationSystem.UnitTests.csproj", "{632A9299-F7C5-4CF8-B1A8-072E25CA0584}"
EndProject
Global
	GlobalSection(SolutionConfigurationPlatforms) = preSolution
		Debug|Any CPU = Debug|Any CPU
		Release|Any CPU = Release|Any CPU
	EndGlobalSection
	GlobalSection(ProjectConfigurationPlatforms) = postSolution
		{FCF68B70-89EE-4088-B3A9-BB71C183B1C0}.Debug|Any CPU.ActiveCfg = Debug|Any CPU
		{FCF68B70-89EE-4088-B3A9-BB71C183B1C0}.Debug|Any CPU.Build.0 = Debug|Any CPU
		{FCF68B70-89EE-4088-B3A9-BB71C183B1C0}.Release|Any CPU.ActiveCfg = Release|Any CPU
		{FCF68B70-89EE-4088-B3A9-BB71C183B1C0}.Release|Any CPU.Build.0 = Release|Any CPU
		{FDDAD9D5-763B-461B-9B03-3E49ABF8DE5D}.Debug|Any CPU.ActiveCfg = Debug|Any CPU
		{FDDAD9D5-763B-461B-9B03-3E49ABF8DE5D}.Debug|Any CPU.Build.0 = Debug|Any CPU
		{FDDAD9D5-763B-461B-9B03-3E49ABF8DE5D}.Release|Any CPU.ActiveCfg = Release|Any CPU
		{FDDAD9D5-763B-461B-9B03-3E49ABF8DE5D}.Release|Any CPU.Build.0 = Release|Any CPU
		{A1BE9BEF-2696-4D0B-8436-0BDAE7ECCB17}.Debug|Any CPU.ActiveCfg = Debug|Any CPU
		{A1BE9BEF-2696-4D0B-8436-0BDAE7ECCB17}.Debug|Any CPU.Build.0 = Debug|Any CPU
		{A1BE9BEF-2696-4D0B-8436-0BDAE7ECCB17}.Release|Any CPU.ActiveCfg = Release|Any CPU
		{A1BE9BEF-2696-4D0B-8436-0BDAE7ECCB17}.Release|Any CPU.Build.0 = Release|Any CPU
		{8C54E026-4E95-46C4-BACA-F3C8A4C54C61}.Debug|Any CPU.ActiveCfg = Debug|Any CPU
		{8C54E026-4E95-46C4-BACA-F3C8A4C54C61}.Debug|Any CPU.Build.0 = Debug|Any CPU
		{8C54E026-4E95-46C4-BACA-F3C8A4C54C61}.Release|Any CPU.ActiveCfg = Release|Any CPU
		{8C54E026-4E95-46C4-BACA-F3C8A4C54C61}.Release|Any CPU.Build.0 = Release|Any CPU
		{ED6C17FC-1BC9-4564-8C55-0837FDC926B1}.Debug|Any CPU.ActiveCfg = Debug|Any CPU
		{ED6C17FC-1BC9-4564-8C55-0837FDC926B1}.Debug|Any CPU.Build.0 = Debug|Any CPU
		{ED6C17FC-1BC9-4564-8C55-0837FDC926B1}.Release|Any CPU.ActiveCfg = Release|Any CPU
		{ED6C17FC-1BC9-4564-8C55-0837FDC926B1}.Release|Any CPU.Build.0 = Release|Any CPU
		{97487578-A198-4532-A74E-9AF3A223E1D1}.Debug|Any CPU.ActiveCfg = Debug|Any CPU
		{97487578-A198-4532-A74E-9AF3A223E1D1}.Debug|Any CPU.Build.0 = Debug|Any CPU
		{97487578-A198-4532-A74E-9AF3A223E1D1}.Release|Any CPU.ActiveCfg = Release|Any CPU
		{97487578-A198-4532-A74E-9AF3A223E1D1}.Release|Any CPU.Build.0 = Release|Any CPU
		{560EAC85-94AC-48F5-851E-32D1680E7A41}.Debug|Any CPU.ActiveCfg = Debug|Any CPU
		{560EAC85-94AC-48F5-851E-32D1680E7A41}.Debug|Any CPU.Build.0 = Debug|Any CPU
		{560EAC85-94AC-48F5-851E-32D1680E7A41}.Release|Any CPU.ActiveCfg = Release|Any CPU
		{560EAC85-94AC-48F5-851E-32D1680E7A41}.Release|Any CPU.Build.0 = Release|Any CPU
		{B21BE443-6729-4259-A553-4C8ABA3E68F8}.Debug|Any CPU.ActiveCfg = Debug|Any CPU
		{B21BE443-6729-4259-A553-4C8ABA3E68F8}.Debug|Any CPU.Build.0 = Debug|Any CPU
		{B21BE443-6729-4259-A553-4C8ABA3E68F8}.Release|Any CPU.ActiveCfg = Release|Any CPU
		{B21BE443-6729-4259-A553-4C8ABA3E68F8}.Release|Any CPU.Build.0 = Release|Any CPU
		{1D8B480D-B6CB-4274-ADFF-623837FAC344}.Debug|Any CPU.ActiveCfg = Debug|Any CPU
		{1D8B480D-B6CB-4274-ADFF-623837FAC344}.Debug|Any CPU.Build.0 = Debug|Any CPU
		{1D8B480D-B6CB-4274-ADFF-623837FAC344}.Release|Any CPU.ActiveCfg = Release|Any CPU
		{1D8B480D-B6CB-4274-ADFF-623837FAC344}.Release|Any CPU.Build.0 = Release|Any CPU
		{5563FED2-808A-43AA-BE3E-916F6B38AEB8}.Debug|Any CPU.ActiveCfg = Debug|Any CPU
		{5563FED2-808A-43AA-BE3E-916F6B38AEB8}.Debug|Any CPU.Build.0 = Debug|Any CPU
		{5563FED2-808A-43AA-BE3E-916F6B38AEB8}.Release|Any CPU.ActiveCfg = Release|Any CPU
		{5563FED2-808A-43AA-BE3E-916F6B38AEB8}.Release|Any CPU.Build.0 = Release|Any CPU
		{76A649B3-791F-454B-984C-E33C929F5541}.Debug|Any CPU.ActiveCfg = Debug|Any CPU
		{76A649B3-791F-454B-984C-E33C929F5541}.Debug|Any CPU.Build.0 = Debug|Any CPU
		{76A649B3-791F-454B-984C-E33C929F5541}.Release|Any CPU.ActiveCfg = Release|Any CPU
		{76A649B3-791F-454B-984C-E33C929F5541}.Release|Any CPU.Build.0 = Release|Any CPU
		{A9966593-B588-489B-91F9-3672A31ACEE9}.Debug|Any CPU.ActiveCfg = Debug|Any CPU
		{A9966593-B588-489B-91F9-3672A31ACEE9}.Debug|Any CPU.Build.0 = Debug|Any CPU
		{A9966593-B588-489B-91F9-3672A31ACEE9}.Release|Any CPU.ActiveCfg = Release|Any CPU
		{A9966593-B588-489B-91F9-3672A31ACEE9}.Release|Any CPU.Build.0 = Release|Any CPU
		{D8090CC8-4B95-4F15-AB50-8E77E0A5AB11}.Debug|Any CPU.ActiveCfg = Debug|Any CPU
		{D8090CC8-4B95-4F15-AB50-8E77E0A5AB11}.Debug|Any CPU.Build.0 = Debug|Any CPU
		{D8090CC8-4B95-4F15-AB50-8E77E0A5AB11}.Release|Any CPU.ActiveCfg = Release|Any CPU
		{D8090CC8-4B95-4F15-AB50-8E77E0A5AB11}.Release|Any CPU.Build.0 = Release|Any CPU
		{14C3004E-A308-4F61-A60A-A092A487EBB2}.Debug|Any CPU.ActiveCfg = Debug|Any CPU
		{14C3004E-A308-4F61-A60A-A092A487EBB2}.Debug|Any CPU.Build.0 = Debug|Any CPU
		{14C3004E-A308-4F61-A60A-A092A487EBB2}.Release|Any CPU.ActiveCfg = Release|Any CPU
		{14C3004E-A308-4F61-A60A-A092A487EBB2}.Release|Any CPU.Build.0 = Release|Any CPU
		{C4FE7FAC-C6C0-44B9-823F-359F801BF132}.Debug|Any CPU.ActiveCfg = Debug|Any CPU
		{C4FE7FAC-C6C0-44B9-823F-359F801BF132}.Debug|Any CPU.Build.0 = Debug|Any CPU
		{C4FE7FAC-C6C0-44B9-823F-359F801BF132}.Release|Any CPU.ActiveCfg = Release|Any CPU
		{C4FE7FAC-C6C0-44B9-823F-359F801BF132}.Release|Any CPU.Build.0 = Release|Any CPU
		{1A03A0E9-D6B9-42BA-8051-3CE01A8BD7BF}.Debug|Any CPU.ActiveCfg = Debug|Any CPU
		{1A03A0E9-D6B9-42BA-8051-3CE01A8BD7BF}.Debug|Any CPU.Build.0 = Debug|Any CPU
		{1A03A0E9-D6B9-42BA-8051-3CE01A8BD7BF}.Release|Any CPU.ActiveCfg = Release|Any CPU
		{1A03A0E9-D6B9-42BA-8051-3CE01A8BD7BF}.Release|Any CPU.Build.0 = Release|Any CPU
		{496A7796-20AC-4A65-82FF-A44F6E8A6F62}.Debug|Any CPU.ActiveCfg = Debug|Any CPU
		{496A7796-20AC-4A65-82FF-A44F6E8A6F62}.Debug|Any CPU.Build.0 = Debug|Any CPU
		{496A7796-20AC-4A65-82FF-A44F6E8A6F62}.Release|Any CPU.ActiveCfg = Release|Any CPU
		{496A7796-20AC-4A65-82FF-A44F6E8A6F62}.Release|Any CPU.Build.0 = Release|Any CPU
		{DAF5F199-CB08-40F6-A76D-B6CE4A766950}.Debug|Any CPU.ActiveCfg = Debug|Any CPU
		{DAF5F199-CB08-40F6-A76D-B6CE4A766950}.Debug|Any CPU.Build.0 = Debug|Any CPU
		{DAF5F199-CB08-40F6-A76D-B6CE4A766950}.Release|Any CPU.ActiveCfg = Release|Any CPU
		{DAF5F199-CB08-40F6-A76D-B6CE4A766950}.Release|Any CPU.Build.0 = Release|Any CPU
		{7BDA6CE8-0D55-4DEC-9CD3-5807A17CE92C}.Debug|Any CPU.ActiveCfg = Debug|Any CPU
		{7BDA6CE8-0D55-4DEC-9CD3-5807A17CE92C}.Debug|Any CPU.Build.0 = Debug|Any CPU
		{7BDA6CE8-0D55-4DEC-9CD3-5807A17CE92C}.Release|Any CPU.ActiveCfg = Release|Any CPU
		{7BDA6CE8-0D55-4DEC-9CD3-5807A17CE92C}.Release|Any CPU.Build.0 = Release|Any CPU
		{632A9299-F7C5-4CF8-B1A8-072E25CA0584}.Debug|Any CPU.ActiveCfg = Debug|Any CPU
		{632A9299-F7C5-4CF8-B1A8-072E25CA0584}.Debug|Any CPU.Build.0 = Debug|Any CPU
		{632A9299-F7C5-4CF8-B1A8-072E25CA0584}.Release|Any CPU.ActiveCfg = Release|Any CPU
		{632A9299-F7C5-4CF8-B1A8-072E25CA0584}.Release|Any CPU.Build.0 = Release|Any CPU
	EndGlobalSection
	GlobalSection(SolutionProperties) = preSolution
		HideSolutionNode = FALSE
	EndGlobalSection
	GlobalSection(NestedProjects) = preSolution
		{FCF68B70-89EE-4088-B3A9-BB71C183B1C0} = {F3B4D753-FA1A-433C-86D7-CAF37A57A2A0}
		{A1BE9BEF-2696-4D0B-8436-0BDAE7ECCB17} = {F3B4D753-FA1A-433C-86D7-CAF37A57A2A0}
		{8C54E026-4E95-46C4-BACA-F3C8A4C54C61} = {F3B4D753-FA1A-433C-86D7-CAF37A57A2A0}
		{ED6C17FC-1BC9-4564-8C55-0837FDC926B1} = {F3B4D753-FA1A-433C-86D7-CAF37A57A2A0}
		{560EAC85-94AC-48F5-851E-32D1680E7A41} = {AB5DF907-6F59-476C-B718-BA5F86D2598D}
		{B21BE443-6729-4259-A553-4C8ABA3E68F8} = {14F4A126-4EB5-4D61-9848-7F59CA1E3982}
		{941C9478-43D5-4B03-AE92-ECCCDCCFACC7} = {45431AA5-F22A-4CB0-A608-95B703BFD809}
		{1BFAC351-F44B-42D4-B88F-CD4516E0EE67} = {45431AA5-F22A-4CB0-A608-95B703BFD809}
		{1D8B480D-B6CB-4274-ADFF-623837FAC344} = {1BFAC351-F44B-42D4-B88F-CD4516E0EE67}
		{5563FED2-808A-43AA-BE3E-916F6B38AEB8} = {1BFAC351-F44B-42D4-B88F-CD4516E0EE67}
		{76A649B3-791F-454B-984C-E33C929F5541} = {1BFAC351-F44B-42D4-B88F-CD4516E0EE67}
		{A9966593-B588-489B-91F9-3672A31ACEE9} = {1BFAC351-F44B-42D4-B88F-CD4516E0EE67}
		{D8090CC8-4B95-4F15-AB50-8E77E0A5AB11} = {941C9478-43D5-4B03-AE92-ECCCDCCFACC7}
		{14C3004E-A308-4F61-A60A-A092A487EBB2} = {941C9478-43D5-4B03-AE92-ECCCDCCFACC7}
		{C4FE7FAC-C6C0-44B9-823F-359F801BF132} = {941C9478-43D5-4B03-AE92-ECCCDCCFACC7}
		{1A03A0E9-D6B9-42BA-8051-3CE01A8BD7BF} = {941C9478-43D5-4B03-AE92-ECCCDCCFACC7}
		{496A7796-20AC-4A65-82FF-A44F6E8A6F62} = {941C9478-43D5-4B03-AE92-ECCCDCCFACC7}
		{DAF5F199-CB08-40F6-A76D-B6CE4A766950} = {1BFAC351-F44B-42D4-B88F-CD4516E0EE67}
		{7BDA6CE8-0D55-4DEC-9CD3-5807A17CE92C} = {EBE38069-170B-4FB0-9712-3E96FA7D9ABE}
		{632A9299-F7C5-4CF8-B1A8-072E25CA0584} = {EBE38069-170B-4FB0-9712-3E96FA7D9ABE}
	EndGlobalSection
	GlobalSection(ExtensibilityGlobals) = postSolution
		SolutionGuid = {700D4573-6F29-4AF9-9FF5-454C6376FB81}
	EndGlobalSection
EndGlobal
