
Microsoft Visual Studio Solution File, Format Version 12.00
# Visual Studio Version 17
VisualStudioVersion = 17.11.35219.272
MinimumVisualStudioVersion = 10.0.40219.1
Project("{9A19103F-16F7-4668-BE54-9A1E7A4F7556}") = "EmailNotification.API", "EmailNotification\EmailNotification.API\EmailNotification.API.csproj", "{FCF68B70-89EE-4088-B3A9-BB71C183B1C0}"
EndProject
Project("{E53339B2-1760-4266-BCC7-CA923CBCF16C}") = "docker-compose", "docker-compose.dcproj", "{FDDAD9D5-763B-461B-9B03-3E49ABF8DE5D}"
EndProject
Project("{9A19103F-16F7-4668-BE54-9A1E7A4F7556}") = "EmailNotification.Core", "EmailNotification\EmailNotification.Core\EmailNotification.Core.csproj", "{A1BE9BEF-2696-4D0B-8436-0BDAE7ECCB17}"
EndProject
Project("{9A19103F-16F7-4668-BE54-9A1E7A4F7556}") = "EmailNotification.Infrastructure", "EmailNotification\EmailNotification.Infrastructure\EmailNotification.Infrastructure.csproj", "{8C54E026-4E95-46C4-BACA-F3C8A4C54C61}"
EndProject
Project("{9A19103F-16F7-4668-BE54-9A1E7A4F7556}") = "EmailNotification.Application", "EmailNotification\EmailNotification.Application\EmailNotification.Application.csproj", "{ED6C17FC-1BC9-4564-8C55-0837FDC926B1}"
EndProject
Project("{9A19103F-16F7-4668-BE54-9A1E7A4F7556}") = "EmailNotification.EmailService", "Common\EmailNotification.EmailService\EmailNotification.EmailService.csproj", "{97487578-A198-4532-A74E-9AF3A223E1D1}"
EndProject
Project("{9A19103F-16F7-4668-BE54-9A1E7A4F7556}") = "EmailNotification.CronJobWorker", "EmailNotification\EmailNotification.CronJobWorker\EmailNotification.CronJobWorker.csproj", "{560EAC85-94AC-48F5-851E-32D1680E7A41}"
EndProject
Project("{2150E333-8FDC-42A3-9474-1A3956D46DE8}") = "EmailNotification", "EmailNotification", "{F3B4D753-FA1A-433C-86D7-CAF37A57A2A0}"
EndProject
Project("{2150E333-8FDC-42A3-9474-1A3956D46DE8}") = "Common", "Common", "{14F4A126-4EB5-4D61-9848-7F59CA1E3982}"
EndProject
Project("{9A19103F-16F7-4668-BE54-9A1E7A4F7556}") = "Common.BaseService", "Common\BaseService\Common.BaseService.csproj", "{B21BE443-6729-4259-A553-4C8ABA3E68F8}"
EndProject
Project("{2150E333-8FDC-42A3-9474-1A3956D46DE8}") = "Microservices", "Microservices", "{45431AA5-F22A-4CB0-A608-95B703BFD809}"
EndProject
Project("{2150E333-8FDC-42A3-9474-1A3956D46DE8}") = "CartService", "CartService", "{941C9478-43D5-4B03-AE92-ECCCDCCFACC7}"
EndProject
Project("{2150E333-8FDC-42A3-9474-1A3956D46DE8}") = "ProductService", "ProductService", "{1BFAC351-F44B-42D4-B88F-CD4516E0EE67}"
EndProject
Project("{9A19103F-16F7-4668-BE54-9A1E7A4F7556}") = "Product.API", "Microservices\Product\Product.API\Product.API.csproj", "{1D8B480D-B6CB-4274-ADFF-623837FAC344}"
EndProject
Project("{9A19103F-16F7-4668-BE54-9A1E7A4F7556}") = "Product.Core", "Microservices\Product\Product.Core\Product.Core.csproj", "{5563FED2-808A-43AA-BE3E-916F6B38AEB8}"
EndProject
Project("{9A19103F-16F7-4668-BE54-9A1E7A4F7556}") = "Product.Application", "Microservices\Product\Product.Application\Product.Application.csproj", "{76A649B3-791F-454B-984C-E33C929F5541}"
EndProject
Project("{9A19103F-16F7-4668-BE54-9A1E7A4F7556}") = "Product.Infrastructure", "Microservices\Product\Product.Infrastructure\Product.Infrastructure.csproj", "{A9966593-B588-489B-91F9-3672A31ACEE9}"
EndProject
Project("{9A19103F-16F7-4668-BE54-9A1E7A4F7556}") = "Cart.API", "Microservices\Cart\Cart.API\Cart.API.csproj", "{D8090CC8-4B95-4F15-AB50-8E77E0A5AB11}"
EndProject
Project("{9A19103F-16F7-4668-BE54-9A1E7A4F7556}") = "Cart.Core", "Microservices\Cart\Cart.Core\Cart.Core.csproj", "{14C3004E-A308-4F61-A60A-A092A487EBB2}"
EndProject
Project("{9A19103F-16F7-4668-BE54-9A1E7A4F7556}") = "Cart.Application", "Microservices\Cart\Cart.Application\Cart.Application.csproj", "{C4FE7FAC-C6C0-44B9-823F-359F801BF132}"
EndProject
Project("{9A19103F-16F7-4668-BE54-9A1E7A4F7556}") = "Cart.Infrastructure.ApplicationDB", "Microservices\Cart\Cart.Infrastructure\Cart.Infrastructure.ApplicationDB.csproj", "{1A03A0E9-D6B9-42BA-8051-3CE01A8BD7BF}"
EndProject
Project("{9A19103F-16F7-4668-BE54-9A1E7A4F7556}") = "Cart.UnitTests", "Microservices\Cart\Cart.UnitTests\Cart.UnitTests.csproj", "{496A7796-20AC-4A65-82FF-A44F6E8A6F62}"
EndProject
Project("{9A19103F-16F7-4668-BE54-9A1E7A4F7556}") = "Product.UnitTests", "Microservices\Product\Product.UnitTests\Product.UnitTests.csproj", "{DAF5F199-CB08-40F6-A76D-B6CE4A766950}"
EndProject
Project("{2150E333-8FDC-42A3-9474-1A3956D46DE8}") = "NotificationSystem", "NotificationSystem", "{EBE38069-170B-4FB0-9712-3E96FA7D9ABE}"
EndProject
Project("{9A19103F-16F7-4668-BE54-9A1E7A4F7556}") = "NotificationSystem", "NotificationSystem\NotificationSystem\NotificationSystem.csproj", "{7BDA6CE8-0D55-4DEC-9CD3-5807A17CE92C}"
EndProject
Project("{FAE04EC0-301F-11D3-BF4B-00C04F79EFBC}") = "NotificationSystem.UnitTests", "NotificationSystem\NotificationSystem.UnitTests\NotificationSystem.UnitTests.csproj", "{632A9299-F7C5-4CF8-B1A8-072E25CA0584}"
EndProject
Project("{2150E333-8FDC-42A3-9474-1A3956D46DE8}") = "CustomerService", "CustomerService", "{02EA681E-C7D8-13C7-8484-4AC65E1B71E8}"
EndProject
Project("{2150E333-8FDC-42A3-9474-1A3956D46DE8}") = "PaymentService", "PaymentService", "{42FCC626-AA2C-44C5-87AE-E78D1A62B813}"
EndProject
Project("{2150E333-8FDC-42A3-9474-1A3956D46DE8}") = "OrderService", "OrderService", "{49D62F5B-5804-49CE-909E-3C4094F3BE25}"
EndProject
Project("{2150E333-8FDC-42A3-9474-1A3956D46DE8}") = "RiderService", "RiderService", "{80C5A1B7-DA75-42B0-8278-37DC104C8DBA}"
EndProject
Project("{2150E333-8FDC-42A3-9474-1A3956D46DE8}") = "ApiGateway", "ApiGateway", "{D3268FD5-9BFB-41D4-A09D-89BA9A07402B}"
EndProject
Project("{2150E333-8FDC-42A3-9474-1A3956D46DE8}") = "Monitoring", "Monitoring", "{D7BF5468-65C5-4C20-9ABE-3BA8F0E2990E}"
EndProject
Project("{FAE04EC0-301F-11D3-BF4B-00C04F79EFBC}") = "Order.API", "Microservices\Order\Order.API\Order.API.csproj", "{280391C0-06AF-5866-808C-0B9868116647}"
EndProject
Project("{FAE04EC0-301F-11D3-BF4B-00C04F79EFBC}") = "Order.Application", "Microservices\Order\Order.Application\Order.Application.csproj", "{D380E45B-0B20-44F6-9DFB-EB2174EC45E6}"
EndProject
Project("{FAE04EC0-301F-11D3-BF4B-00C04F79EFBC}") = "Order.Infrastructure", "Microservices\Order\Order.Infrastructure\Order.Infrastructure.csproj", "{2DFCC1CC-DF39-4A2A-9073-761B05F3218A}"
EndProject
Project("{2150E333-8FDC-42A3-9474-1A3956D46DE8}") = "Infrastructure", "Infrastructure", "{F1C531F9-6B01-4B79-9C80-4038DFA1491B}"
EndProject
Project("{FAE04EC0-301F-11D3-BF4B-00C04F79EFBC}") = "Order.UnitTests", "Microservices\Order\Order.UnitTests\Order.UnitTests.csproj", "{11DB9690-F905-4DD7-88E6-069BFA33E650}"
EndProject
Project("{2150E333-8FDC-42A3-9474-1A3956D46DE8}") = "DeliveryService", "DeliveryService", "{E457D8A2-2DFF-421B-A624-4F36091DC7B6}"
EndProject
Project("{2150E333-8FDC-42A3-9474-1A3956D46DE8}") = "MerchantService", "MerchantService", "{28053993-3F41-4057-96BB-25EF2E7E5B5D}"
EndProject
Project("{2150E333-8FDC-42A3-9474-1A3956D46DE8}") = "Core", "Core", "{F9513B6B-D4DA-4A42-9CF5-21ADAA225EEF}"
EndProject
Project("{FAE04EC0-301F-11D3-BF4B-00C04F79EFBC}") = "Order.Domain", "Microservices\Order\Order.Core\Order.Domain\Order.Domain.csproj", "{8385869B-350A-42F4-A2EE-37101DADC08D}"
EndProject
Project("{FAE04EC0-301F-11D3-BF4B-00C04F79EFBC}") = "Common.ArchitechtureDesign.Generic", "Common\Common.BaseDomain\Common.ArchitechtureDesign.Generic.csproj", "{5792CB9D-5032-4E5F-9DA1-0919E0FED444}"
EndProject
Project("{2150E333-8FDC-42A3-9474-1A3956D46DE8}") = "Orchestration", "Orchestration", "{C56A945C-BB7E-4BA7-AA8F-600ED54B3720}"
EndProject
Project("{2150E333-8FDC-42A3-9474-1A3956D46DE8}") = "Workers", "Workers", "{CE00D1CC-0D57-47C2-8ADB-75FEC1192D0B}"
EndProject
Project("{2150E333-8FDC-42A3-9474-1A3956D46DE8}") = "Scheduler", "Scheduler", "{4B02AC9D-9C83-4059-A6EA-BACB6E1AF1A0}"
EndProject
Project("{FAE04EC0-301F-11D3-BF4B-00C04F79EFBC}") = "Scheduler.Web", "Microservices\DistributedOrchestration\Scheduler.Web\Scheduler.Web.csproj", "{468F0CBD-4878-CBD0-F9D2-2E39B3E6746B}"
EndProject
Project("{FAE04EC0-301F-11D3-BF4B-00C04F79EFBC}") = "Worker.Primary", "Microservices\DistributedOrchestration\Workers\Worker.Primary\Worker.Primary.csproj", "{326C7318-56E7-4C74-AB91-F36BADE3B8DE}"
EndProject
Project("{2150E333-8FDC-42A3-9474-1A3956D46DE8}") = "Persistence", "Persistence", "{770CB1BD-06CA-433B-8D64-C648C4B0B371}"
EndProject
Project("{FAE04EC0-301F-11D3-BF4B-00C04F79EFBC}") = "Order.Infrastructure.EventStore", "Microservices\Order\Order.Infrastructure.EventStore\Order.Infrastructure.EventStore.csproj", "{BFAA4388-BDA2-4883-9634-4135BAAC456E}"
EndProject
Project("{2150E333-8FDC-42A3-9474-1A3956D46DE8}") = "SharedKernel", "SharedKernel", "{0121209E-B44D-4199-9FC3-2E16AD2EB5E6}"
EndProject
Project("{2150E333-8FDC-42A3-9474-1A3956D46DE8}") = "Infrastructures", "Infrastructures", "{1C891F22-816F-4BEF-B298-0970F4E79206}"
EndProject
Project("{2150E333-8FDC-42A3-9474-1A3956D46DE8}") = "ReverseProxies", "ReverseProxies", "{17FF27F1-7F63-436B-90A3-9D80BDFD3A7D}"
EndProject
Project("{2150E333-8FDC-42A3-9474-1A3956D46DE8}") = "IdentityServer", "IdentityServer", "{B7AD9619-8672-49E5-8565-96E935CCBB5C}"
EndProject
Project("{2150E333-8FDC-42A3-9474-1A3956D46DE8}") = "VoucherService", "VoucherService", "{7E807E59-48D2-46BD-BD09-F7E151E825C8}"
EndProject
Project("{FAE04EC0-301F-11D3-BF4B-00C04F79EFBC}") = "Cart.Domain", "Microservices\Cart\Cart.Domain\Cart.Domain.csproj", "{8AC219B7-84A2-483E-9A3C-BF56C6862512}"
EndProject
Project("{2150E333-8FDC-42A3-9474-1A3956D46DE8}") = "Core", "Core", "{EB06D2B7-0DB7-4DFE-8861-7E2B306445F1}"
EndProject
Project("{FAE04EC0-301F-11D3-BF4B-00C04F79EFBC}") = "Product.Domain", "Microservices\Product\Product.Domain\Product.Domain.csproj", "{F4189EB8-563D-4860-9DFD-09556DCE4900}"
EndProject
Project("{2150E333-8FDC-42A3-9474-1A3956D46DE8}") = "Core", "Core", "{FA21C3CC-FFCD-4D4F-9BFA-C986E3DA95C7}"
EndProject
Project("{FAE04EC0-301F-11D3-BF4B-00C04F79EFBC}") = "Monitoring.Aspire.AppHost", "Monitoring.Aspire\Monitoring.Aspire.AppHost\Monitoring.Aspire.AppHost.csproj", "{215A90A8-867C-46D4-96D8-BC3E0C16A157}"
EndProject
Project("{FAE04EC0-301F-11D3-BF4B-00C04F79EFBC}") = "Monitoring.Aspire.ServiceDefaults", "Monitoring.Aspire\Monitoring.Aspire.ServiceDefaults\Monitoring.Aspire.ServiceDefaults.csproj", "{934437ED-497E-859F-48B0-300F515EA8B3}"
EndProject
Project("{FAE04EC0-301F-11D3-BF4B-00C04F79EFBC}") = "Monitoring.Aspire.ApiService", "Monitoring.Aspire\Monitoring.Aspire.ApiService\Monitoring.Aspire.ApiService.csproj", "{569A93EF-666F-E03C-593F-F9B600173F22}"
EndProject
Project("{FAE04EC0-301F-11D3-BF4B-00C04F79EFBC}") = "Monitoring.Aspire.Web", "Monitoring.Aspire\Monitoring.Aspire.Web\Monitoring.Aspire.Web.csproj", "{6B7A7F4C-FCE9-EA53-522E-C1B4A2EE76DE}"
EndProject
Project("{FAE04EC0-301F-11D3-BF4B-00C04F79EFBC}") = "Monitoring.Aspire.Tests", "Monitoring.Aspire\Monitoring.Aspire.Tests\Monitoring.Aspire.Tests.csproj", "{CA6EFA59-2A8D-DDCC-D24A-62268D3F59BF}"
EndProject
Project("{2150E333-8FDC-42A3-9474-1A3956D46DE8}") = "Monitoring", "Monitoring", "{ADAD0C6D-2430-4389-B118-E26E36B20B37}"
EndProject
Project("{FAE04EC0-301F-11D3-BF4B-00C04F79EFBC}") = "SharedKernel.Currency", "Microservices\SharedKernel\SharedKernel.Currency\SharedKernel.Currency.csproj", "{0E7B3F80-2A4D-4444-B885-8794BEE43BA4}"
EndProject
Project("{FAE04EC0-301F-11D3-BF4B-00C04F79EFBC}") = "SharedKernel.Relationship", "Microservices\SharedKernel\SharedKernel.Relationship\SharedKernel.Relationship.csproj", "{2E43DB4B-C86F-4A22-89C8-9281A76541E5}"
EndProject
Project("{2150E333-8FDC-42A3-9474-1A3956D46DE8}") = "SellerService", "SellerService", "{B63540B4-582C-458E-87E7-895FA1CF9A6E}"
EndProject
Project("{FAE04EC0-301F-11D3-BF4B-00C04F79EFBC}") = "SharedKernel.GeneralUser.Domain", "Microservices\SharedKernel\SharedKernel.GeneralUser.Domain\SharedKernel.GeneralUser.Domain.csproj", "{49510137-D8EA-4721-8E9C-C7851FA505F7}"
EndProject
Project("{FAE04EC0-301F-11D3-BF4B-00C04F79EFBC}") = "Payment.Domain", "Microservices\Payment\Payment.Domain\Payment.Domain.csproj", "{AA9E9085-5160-4362-90A8-D17FA8689E7D}"
EndProject
Project("{2150E333-8FDC-42A3-9474-1A3956D46DE8}") = "LocationService", "LocationService", "{09BD7864-0D70-4386-882C-3FC11EA2E994}"
EndProject
Project("{FAE04EC0-301F-11D3-BF4B-00C04F79EFBC}") = "Delivery.Domain", "Microservices\Delivery\Delivery.Domain\Delivery.Domain.csproj", "{66440D4E-3A5C-4708-80D5-821AA2A02AFA}"
EndProject
Project("{FAE04EC0-301F-11D3-BF4B-00C04F79EFBC}") = "Common.DDD.Support", "Common\Common.DDD.Support\Common.DDD.Support.csproj", "{954233B9-5F32-4FB6-8828-61B681EFA195}"
EndProject
Project("{FAE04EC0-301F-11D3-BF4B-00C04F79EFBC}") = "Common.EventSourcing.Kernel", "Common\Common.EventSourcing.Kernel\Common.EventSourcing.Kernel.csproj", "{5736698D-FB4B-4B4F-A96D-ABAC088DDB9D}"
EndProject
Project("{2150E333-8FDC-42A3-9474-1A3956D46DE8}") = "ArchitectureDesign", "ArchitectureDesign", "{FFD7195C-8943-44AB-A14C-E71E70F0ABAB}"
EndProject
Project("{2150E333-8FDC-42A3-9474-1A3956D46DE8}") = "EventSourcing", "EventSourcing", "{87093D55-1CB5-47B1-9CCE-2BFD286D6DAC}"
EndProject
Project("{FAE04EC0-301F-11D3-BF4B-00C04F79EFBC}") = "EventSourcing.DistributedTransactions.Sagas", "ArchitectureDesign\EventSourcing\EventSourcing.DistributedTransactions.Sagas\EventSourcing.DistributedTransactions.Sagas.csproj", "{32D02530-A0F0-42A2-9499-73ADEDB776C7}"
EndProject
Project("{FAE04EC0-301F-11D3-BF4B-00C04F79EFBC}") = "EventSourcing.EventStore.Postgresql", "ArchitectureDesign\EventSourcing\EventSourcing.EventStore.Postgresql\EventSourcing.EventStore.Postgresql.csproj", "{F0F83027-D073-49AA-AD04-62F4A96C6177}"
EndProject
Project("{FAE04EC0-301F-11D3-BF4B-00C04F79EFBC}") = "EventSourcing.Engine.Sequence", "ArchitectureDesign\EventSourcing\EventStore.Engine.Sequence\EventSourcing.Engine.Sequence.csproj", "{415E26B1-DF73-4BF8-9E1A-37C0F45E47A9}"
EndProject
Project("{FAE04EC0-301F-11D3-BF4B-00C04F79EFBC}") = "EventSourcing.Engine.Parallel", "ArchitectureDesign\EventSourcing\EventSourcing.Engine.Parallel\EventSourcing.Engine.Parallel.csproj", "{985B77FF-C423-40FC-94CF-0129F14488F4}"
EndProject
Project("{2150E333-8FDC-42A3-9474-1A3956D46DE8}") = "BuildingBlocks", "BuildingBlocks", "{3F4D4DD2-EEC6-4ED8-A077-C7F339DC73D6}"
EndProject
Project("{FAE04EC0-301F-11D3-BF4B-00C04F79EFBC}") = "IAM.Web", "Infrastructures\IdentityServer\IAM.Web\IAM.Web\IAM.Web.csproj", "{95DDE9BB-19E6-9E4C-C30B-B908D1D4C904}"
EndProject
Project("{FAE04EC0-301F-11D3-BF4B-00C04F79EFBC}") = "IAM.Web.Client", "Infrastructures\IdentityServer\IAM.Web\IAM.Web.Client\IAM.Web.Client.csproj", "{DCE67E2A-EE52-D2C2-2B8D-B64518D6D84F}"
EndProject
Project("{FAE04EC0-301F-11D3-BF4B-00C04F79EFBC}") = "IAM.Authentication.API", "Infrastructures\IdentityServer\IAM.Authentication.API\IAM.Authentication.API.csproj", "{61CBF9E1-D471-D3E9-9DD9-9D6E76F9904E}"
EndProject
Project("{FAE04EC0-301F-11D3-BF4B-00C04F79EFBC}") = "IAM.Authorization.API", "Infrastructures\IdentityServer\IAM.Authorization.API\IAM.Authorization.API.csproj", "{74C81D5F-518D-345C-C057-B6B3D89A1440}"
EndProject
Project("{2150E333-8FDC-42A3-9474-1A3956D46DE8}") = "Core", "Core", "{875326DA-D27E-409F-A78F-E0621E6086C2}"
EndProject
Project("{FAE04EC0-301F-11D3-BF4B-00C04F79EFBC}") = "IAM.Identity.Core", "Infrastructures\IdentityServer\IAM.Identity.Core\IAM.Identity.Core.csproj", "{58E6364F-C765-4754-9608-75F9B421FFA3}"
EndProject
Project("{FAE04EC0-301F-11D3-BF4B-00C04F79EFBC}") = "IAM.Organization.Core", "Infrastructures\IdentityServer\IAM.Organization.Core\IAM.Organization.Core.csproj", "{250FBBF6-3C11-4AB2-9067-F31F37AEB376}"
EndProject
Project("{FAE04EC0-301F-11D3-BF4B-00C04F79EFBC}") = "Webhook", "ArchitectureDesign\Webhook\Webhook.csproj", "{A60E4794-F658-45BF-9A7E-AFD0E9207783}"
EndProject
Project("{2150E333-8FDC-42A3-9474-1A3956D46DE8}") = "Playground", "Playground", "{6ACDAE53-3341-4749-BBC8-8F2AB17C9103}"
EndProject
Project("{FAE04EC0-301F-11D3-BF4B-00C04F79EFBC}") = "Playground.WebApp", "Playground\Playground.WebApp\Playground.WebApp\Playground.WebApp.csproj", "{CA5CE2A7-0817-4116-B319-8D58D4968912}"
EndProject
Project("{FAE04EC0-301F-11D3-BF4B-00C04F79EFBC}") = "Playground.WebApp.Client", "Playground\Playground.WebApp\Playground.WebApp.Client\Playground.WebApp.Client.csproj", "{1AFBF047-6809-44F3-BA2A-9B7F6F51136A}"
EndProject
Project("{FAE04EC0-301F-11D3-BF4B-00C04F79EFBC}") = "RateLimiting", "ArchitectureDesign\RateLimiting\RateLimiting.csproj", "{6987C4FD-D8A9-496C-831D-8E8D24C782E9}"
EndProject
Project("{FAE04EC0-301F-11D3-BF4B-00C04F79EFBC}") = "EventSourcing.MessageBroker.RabbitMQ", "ArchitectureDesign\EventSourcing\EventSourcing.MessageBroker.RabbitMQ\EventSourcing.MessageBroker.RabbitMQ.csproj", "{62501092-CA56-4BB1-A597-FED7EB9EF41E}"
EndProject
Project("{2150E333-8FDC-42A3-9474-1A3956D46DE8}") = "Agent", "Agent", "{A3A8F348-9AA2-4044-900B-E8F7D24E9B7D}"
EndProject
Project("{2150E333-8FDC-42A3-9474-1A3956D46DE8}") = "VectorStore", "VectorStore", "{8F4BBAF2-A0B5-4927-B372-62D2D808CA64}"
EndProject
Project("{2150E333-8FDC-42A3-9474-1A3956D46DE8}") = "Examples", "Examples", "{85A75C72-67C3-4484-956C-64C1F95178A1}"
EndProject
Project("{FAE04EC0-301F-11D3-BF4B-00C04F79EFBC}") = "Playground.Application.Example", "Playground\Playground.Application.Example\Playground.Application.Example.csproj", "{1B9B7B03-6EF6-4030-B4DD-8F283A74797E}"
EndProject
Project("{FAE04EC0-301F-11D3-BF4B-00C04F79EFBC}") = "Playground.API", "Playground\Playground.API\Playground.API.csproj", "{B0532D93-5774-441D-A310-2028ACE15A9C}"
EndProject
Global
	GlobalSection(SolutionConfigurationPlatforms) = preSolution
		Debug|Any CPU = Debug|Any CPU
		Release|Any CPU = Release|Any CPU
	EndGlobalSection
	GlobalSection(ProjectConfigurationPlatforms) = postSolution
		{FCF68B70-89EE-4088-B3A9-BB71C183B1C0}.Debug|Any CPU.ActiveCfg = Debug|Any CPU
		{FCF68B70-89EE-4088-B3A9-BB71C183B1C0}.Debug|Any CPU.Build.0 = Debug|Any CPU
		{FCF68B70-89EE-4088-B3A9-BB71C183B1C0}.Release|Any CPU.ActiveCfg = Release|Any CPU
		{FCF68B70-89EE-4088-B3A9-BB71C183B1C0}.Release|Any CPU.Build.0 = Release|Any CPU
		{FDDAD9D5-763B-461B-9B03-3E49ABF8DE5D}.Debug|Any CPU.ActiveCfg = Debug|Any CPU
		{FDDAD9D5-763B-461B-9B03-3E49ABF8DE5D}.Debug|Any CPU.Build.0 = Debug|Any CPU
		{FDDAD9D5-763B-461B-9B03-3E49ABF8DE5D}.Release|Any CPU.ActiveCfg = Release|Any CPU
		{FDDAD9D5-763B-461B-9B03-3E49ABF8DE5D}.Release|Any CPU.Build.0 = Release|Any CPU
		{A1BE9BEF-2696-4D0B-8436-0BDAE7ECCB17}.Debug|Any CPU.ActiveCfg = Debug|Any CPU
		{A1BE9BEF-2696-4D0B-8436-0BDAE7ECCB17}.Debug|Any CPU.Build.0 = Debug|Any CPU
		{A1BE9BEF-2696-4D0B-8436-0BDAE7ECCB17}.Release|Any CPU.ActiveCfg = Release|Any CPU
		{A1BE9BEF-2696-4D0B-8436-0BDAE7ECCB17}.Release|Any CPU.Build.0 = Release|Any CPU
		{8C54E026-4E95-46C4-BACA-F3C8A4C54C61}.Debug|Any CPU.ActiveCfg = Debug|Any CPU
		{8C54E026-4E95-46C4-BACA-F3C8A4C54C61}.Debug|Any CPU.Build.0 = Debug|Any CPU
		{8C54E026-4E95-46C4-BACA-F3C8A4C54C61}.Release|Any CPU.ActiveCfg = Release|Any CPU
		{8C54E026-4E95-46C4-BACA-F3C8A4C54C61}.Release|Any CPU.Build.0 = Release|Any CPU
		{ED6C17FC-1BC9-4564-8C55-0837FDC926B1}.Debug|Any CPU.ActiveCfg = Debug|Any CPU
		{ED6C17FC-1BC9-4564-8C55-0837FDC926B1}.Debug|Any CPU.Build.0 = Debug|Any CPU
		{ED6C17FC-1BC9-4564-8C55-0837FDC926B1}.Release|Any CPU.ActiveCfg = Release|Any CPU
		{ED6C17FC-1BC9-4564-8C55-0837FDC926B1}.Release|Any CPU.Build.0 = Release|Any CPU
		{97487578-A198-4532-A74E-9AF3A223E1D1}.Debug|Any CPU.ActiveCfg = Debug|Any CPU
		{97487578-A198-4532-A74E-9AF3A223E1D1}.Debug|Any CPU.Build.0 = Debug|Any CPU
		{97487578-A198-4532-A74E-9AF3A223E1D1}.Release|Any CPU.ActiveCfg = Release|Any CPU
		{97487578-A198-4532-A74E-9AF3A223E1D1}.Release|Any CPU.Build.0 = Release|Any CPU
		{560EAC85-94AC-48F5-851E-32D1680E7A41}.Debug|Any CPU.ActiveCfg = Debug|Any CPU
		{560EAC85-94AC-48F5-851E-32D1680E7A41}.Debug|Any CPU.Build.0 = Debug|Any CPU
		{560EAC85-94AC-48F5-851E-32D1680E7A41}.Release|Any CPU.ActiveCfg = Release|Any CPU
		{560EAC85-94AC-48F5-851E-32D1680E7A41}.Release|Any CPU.Build.0 = Release|Any CPU
		{B21BE443-6729-4259-A553-4C8ABA3E68F8}.Debug|Any CPU.ActiveCfg = Debug|Any CPU
		{B21BE443-6729-4259-A553-4C8ABA3E68F8}.Debug|Any CPU.Build.0 = Debug|Any CPU
		{B21BE443-6729-4259-A553-4C8ABA3E68F8}.Release|Any CPU.ActiveCfg = Release|Any CPU
		{B21BE443-6729-4259-A553-4C8ABA3E68F8}.Release|Any CPU.Build.0 = Release|Any CPU
		{1D8B480D-B6CB-4274-ADFF-623837FAC344}.Debug|Any CPU.ActiveCfg = Debug|Any CPU
		{1D8B480D-B6CB-4274-ADFF-623837FAC344}.Debug|Any CPU.Build.0 = Debug|Any CPU
		{1D8B480D-B6CB-4274-ADFF-623837FAC344}.Release|Any CPU.ActiveCfg = Release|Any CPU
		{1D8B480D-B6CB-4274-ADFF-623837FAC344}.Release|Any CPU.Build.0 = Release|Any CPU
		{5563FED2-808A-43AA-BE3E-916F6B38AEB8}.Debug|Any CPU.ActiveCfg = Debug|Any CPU
		{5563FED2-808A-43AA-BE3E-916F6B38AEB8}.Debug|Any CPU.Build.0 = Debug|Any CPU
		{5563FED2-808A-43AA-BE3E-916F6B38AEB8}.Release|Any CPU.ActiveCfg = Release|Any CPU
		{5563FED2-808A-43AA-BE3E-916F6B38AEB8}.Release|Any CPU.Build.0 = Release|Any CPU
		{76A649B3-791F-454B-984C-E33C929F5541}.Debug|Any CPU.ActiveCfg = Debug|Any CPU
		{76A649B3-791F-454B-984C-E33C929F5541}.Debug|Any CPU.Build.0 = Debug|Any CPU
		{76A649B3-791F-454B-984C-E33C929F5541}.Release|Any CPU.ActiveCfg = Release|Any CPU
		{76A649B3-791F-454B-984C-E33C929F5541}.Release|Any CPU.Build.0 = Release|Any CPU
		{A9966593-B588-489B-91F9-3672A31ACEE9}.Debug|Any CPU.ActiveCfg = Debug|Any CPU
		{A9966593-B588-489B-91F9-3672A31ACEE9}.Debug|Any CPU.Build.0 = Debug|Any CPU
		{A9966593-B588-489B-91F9-3672A31ACEE9}.Release|Any CPU.ActiveCfg = Release|Any CPU
		{A9966593-B588-489B-91F9-3672A31ACEE9}.Release|Any CPU.Build.0 = Release|Any CPU
		{D8090CC8-4B95-4F15-AB50-8E77E0A5AB11}.Debug|Any CPU.ActiveCfg = Debug|Any CPU
		{D8090CC8-4B95-4F15-AB50-8E77E0A5AB11}.Debug|Any CPU.Build.0 = Debug|Any CPU
		{D8090CC8-4B95-4F15-AB50-8E77E0A5AB11}.Release|Any CPU.ActiveCfg = Release|Any CPU
		{D8090CC8-4B95-4F15-AB50-8E77E0A5AB11}.Release|Any CPU.Build.0 = Release|Any CPU
		{14C3004E-A308-4F61-A60A-A092A487EBB2}.Debug|Any CPU.ActiveCfg = Debug|Any CPU
		{14C3004E-A308-4F61-A60A-A092A487EBB2}.Debug|Any CPU.Build.0 = Debug|Any CPU
		{14C3004E-A308-4F61-A60A-A092A487EBB2}.Release|Any CPU.ActiveCfg = Release|Any CPU
		{14C3004E-A308-4F61-A60A-A092A487EBB2}.Release|Any CPU.Build.0 = Release|Any CPU
		{C4FE7FAC-C6C0-44B9-823F-359F801BF132}.Debug|Any CPU.ActiveCfg = Debug|Any CPU
		{C4FE7FAC-C6C0-44B9-823F-359F801BF132}.Debug|Any CPU.Build.0 = Debug|Any CPU
		{C4FE7FAC-C6C0-44B9-823F-359F801BF132}.Release|Any CPU.ActiveCfg = Release|Any CPU
		{C4FE7FAC-C6C0-44B9-823F-359F801BF132}.Release|Any CPU.Build.0 = Release|Any CPU
		{1A03A0E9-D6B9-42BA-8051-3CE01A8BD7BF}.Debug|Any CPU.ActiveCfg = Debug|Any CPU
		{1A03A0E9-D6B9-42BA-8051-3CE01A8BD7BF}.Debug|Any CPU.Build.0 = Debug|Any CPU
		{1A03A0E9-D6B9-42BA-8051-3CE01A8BD7BF}.Release|Any CPU.ActiveCfg = Release|Any CPU
		{1A03A0E9-D6B9-42BA-8051-3CE01A8BD7BF}.Release|Any CPU.Build.0 = Release|Any CPU
		{496A7796-20AC-4A65-82FF-A44F6E8A6F62}.Debug|Any CPU.ActiveCfg = Debug|Any CPU
		{496A7796-20AC-4A65-82FF-A44F6E8A6F62}.Debug|Any CPU.Build.0 = Debug|Any CPU
		{496A7796-20AC-4A65-82FF-A44F6E8A6F62}.Release|Any CPU.ActiveCfg = Release|Any CPU
		{496A7796-20AC-4A65-82FF-A44F6E8A6F62}.Release|Any CPU.Build.0 = Release|Any CPU
		{DAF5F199-CB08-40F6-A76D-B6CE4A766950}.Debug|Any CPU.ActiveCfg = Debug|Any CPU
		{DAF5F199-CB08-40F6-A76D-B6CE4A766950}.Debug|Any CPU.Build.0 = Debug|Any CPU
		{DAF5F199-CB08-40F6-A76D-B6CE4A766950}.Release|Any CPU.ActiveCfg = Release|Any CPU
		{DAF5F199-CB08-40F6-A76D-B6CE4A766950}.Release|Any CPU.Build.0 = Release|Any CPU
		{7BDA6CE8-0D55-4DEC-9CD3-5807A17CE92C}.Debug|Any CPU.ActiveCfg = Debug|Any CPU
		{7BDA6CE8-0D55-4DEC-9CD3-5807A17CE92C}.Debug|Any CPU.Build.0 = Debug|Any CPU
		{7BDA6CE8-0D55-4DEC-9CD3-5807A17CE92C}.Release|Any CPU.ActiveCfg = Release|Any CPU
		{7BDA6CE8-0D55-4DEC-9CD3-5807A17CE92C}.Release|Any CPU.Build.0 = Release|Any CPU
		{632A9299-F7C5-4CF8-B1A8-072E25CA0584}.Debug|Any CPU.ActiveCfg = Debug|Any CPU
		{632A9299-F7C5-4CF8-B1A8-072E25CA0584}.Debug|Any CPU.Build.0 = Debug|Any CPU
		{632A9299-F7C5-4CF8-B1A8-072E25CA0584}.Release|Any CPU.ActiveCfg = Release|Any CPU
		{632A9299-F7C5-4CF8-B1A8-072E25CA0584}.Release|Any CPU.Build.0 = Release|Any CPU
		{280391C0-06AF-5866-808C-0B9868116647}.Debug|Any CPU.ActiveCfg = Debug|Any CPU
		{280391C0-06AF-5866-808C-0B9868116647}.Debug|Any CPU.Build.0 = Debug|Any CPU
		{280391C0-06AF-5866-808C-0B9868116647}.Release|Any CPU.ActiveCfg = Release|Any CPU
		{280391C0-06AF-5866-808C-0B9868116647}.Release|Any CPU.Build.0 = Release|Any CPU
		{D380E45B-0B20-44F6-9DFB-EB2174EC45E6}.Debug|Any CPU.ActiveCfg = Debug|Any CPU
		{D380E45B-0B20-44F6-9DFB-EB2174EC45E6}.Debug|Any CPU.Build.0 = Debug|Any CPU
		{D380E45B-0B20-44F6-9DFB-EB2174EC45E6}.Release|Any CPU.ActiveCfg = Release|Any CPU
		{D380E45B-0B20-44F6-9DFB-EB2174EC45E6}.Release|Any CPU.Build.0 = Release|Any CPU
		{2DFCC1CC-DF39-4A2A-9073-761B05F3218A}.Debug|Any CPU.ActiveCfg = Debug|Any CPU
		{2DFCC1CC-DF39-4A2A-9073-761B05F3218A}.Debug|Any CPU.Build.0 = Debug|Any CPU
		{2DFCC1CC-DF39-4A2A-9073-761B05F3218A}.Release|Any CPU.ActiveCfg = Release|Any CPU
		{2DFCC1CC-DF39-4A2A-9073-761B05F3218A}.Release|Any CPU.Build.0 = Release|Any CPU
		{11DB9690-F905-4DD7-88E6-069BFA33E650}.Debug|Any CPU.ActiveCfg = Debug|Any CPU
		{11DB9690-F905-4DD7-88E6-069BFA33E650}.Debug|Any CPU.Build.0 = Debug|Any CPU
		{11DB9690-F905-4DD7-88E6-069BFA33E650}.Release|Any CPU.ActiveCfg = Release|Any CPU
		{11DB9690-F905-4DD7-88E6-069BFA33E650}.Release|Any CPU.Build.0 = Release|Any CPU
		{8385869B-350A-42F4-A2EE-37101DADC08D}.Debug|Any CPU.ActiveCfg = Debug|Any CPU
		{8385869B-350A-42F4-A2EE-37101DADC08D}.Debug|Any CPU.Build.0 = Debug|Any CPU
		{8385869B-350A-42F4-A2EE-37101DADC08D}.Release|Any CPU.ActiveCfg = Release|Any CPU
		{8385869B-350A-42F4-A2EE-37101DADC08D}.Release|Any CPU.Build.0 = Release|Any CPU
		{5792CB9D-5032-4E5F-9DA1-0919E0FED444}.Debug|Any CPU.ActiveCfg = Debug|Any CPU
		{5792CB9D-5032-4E5F-9DA1-0919E0FED444}.Debug|Any CPU.Build.0 = Debug|Any CPU
		{5792CB9D-5032-4E5F-9DA1-0919E0FED444}.Release|Any CPU.ActiveCfg = Release|Any CPU
		{5792CB9D-5032-4E5F-9DA1-0919E0FED444}.Release|Any CPU.Build.0 = Release|Any CPU
		{468F0CBD-4878-CBD0-F9D2-2E39B3E6746B}.Debug|Any CPU.ActiveCfg = Debug|Any CPU
		{468F0CBD-4878-CBD0-F9D2-2E39B3E6746B}.Debug|Any CPU.Build.0 = Debug|Any CPU
		{468F0CBD-4878-CBD0-F9D2-2E39B3E6746B}.Release|Any CPU.ActiveCfg = Release|Any CPU
		{468F0CBD-4878-CBD0-F9D2-2E39B3E6746B}.Release|Any CPU.Build.0 = Release|Any CPU
		{326C7318-56E7-4C74-AB91-F36BADE3B8DE}.Debug|Any CPU.ActiveCfg = Debug|Any CPU
		{326C7318-56E7-4C74-AB91-F36BADE3B8DE}.Debug|Any CPU.Build.0 = Debug|Any CPU
		{326C7318-56E7-4C74-AB91-F36BADE3B8DE}.Release|Any CPU.ActiveCfg = Release|Any CPU
		{326C7318-56E7-4C74-AB91-F36BADE3B8DE}.Release|Any CPU.Build.0 = Release|Any CPU
		{BFAA4388-BDA2-4883-9634-4135BAAC456E}.Debug|Any CPU.ActiveCfg = Debug|Any CPU
		{BFAA4388-BDA2-4883-9634-4135BAAC456E}.Debug|Any CPU.Build.0 = Debug|Any CPU
		{BFAA4388-BDA2-4883-9634-4135BAAC456E}.Release|Any CPU.ActiveCfg = Release|Any CPU
		{BFAA4388-BDA2-4883-9634-4135BAAC456E}.Release|Any CPU.Build.0 = Release|Any CPU
		{8AC219B7-84A2-483E-9A3C-BF56C6862512}.Debug|Any CPU.ActiveCfg = Debug|Any CPU
		{8AC219B7-84A2-483E-9A3C-BF56C6862512}.Debug|Any CPU.Build.0 = Debug|Any CPU
		{8AC219B7-84A2-483E-9A3C-BF56C6862512}.Release|Any CPU.ActiveCfg = Release|Any CPU
		{8AC219B7-84A2-483E-9A3C-BF56C6862512}.Release|Any CPU.Build.0 = Release|Any CPU
		{F4189EB8-563D-4860-9DFD-09556DCE4900}.Debug|Any CPU.ActiveCfg = Debug|Any CPU
		{F4189EB8-563D-4860-9DFD-09556DCE4900}.Debug|Any CPU.Build.0 = Debug|Any CPU
		{F4189EB8-563D-4860-9DFD-09556DCE4900}.Release|Any CPU.ActiveCfg = Release|Any CPU
		{F4189EB8-563D-4860-9DFD-09556DCE4900}.Release|Any CPU.Build.0 = Release|Any CPU
		{215A90A8-867C-46D4-96D8-BC3E0C16A157}.Debug|Any CPU.ActiveCfg = Debug|Any CPU
		{215A90A8-867C-46D4-96D8-BC3E0C16A157}.Debug|Any CPU.Build.0 = Debug|Any CPU
		{215A90A8-867C-46D4-96D8-BC3E0C16A157}.Release|Any CPU.ActiveCfg = Release|Any CPU
		{215A90A8-867C-46D4-96D8-BC3E0C16A157}.Release|Any CPU.Build.0 = Release|Any CPU
		{934437ED-497E-859F-48B0-300F515EA8B3}.Debug|Any CPU.ActiveCfg = Debug|Any CPU
		{934437ED-497E-859F-48B0-300F515EA8B3}.Debug|Any CPU.Build.0 = Debug|Any CPU
		{934437ED-497E-859F-48B0-300F515EA8B3}.Release|Any CPU.ActiveCfg = Release|Any CPU
		{934437ED-497E-859F-48B0-300F515EA8B3}.Release|Any CPU.Build.0 = Release|Any CPU
		{569A93EF-666F-E03C-593F-F9B600173F22}.Debug|Any CPU.ActiveCfg = Debug|Any CPU
		{569A93EF-666F-E03C-593F-F9B600173F22}.Debug|Any CPU.Build.0 = Debug|Any CPU
		{569A93EF-666F-E03C-593F-F9B600173F22}.Release|Any CPU.ActiveCfg = Release|Any CPU
		{569A93EF-666F-E03C-593F-F9B600173F22}.Release|Any CPU.Build.0 = Release|Any CPU
		{6B7A7F4C-FCE9-EA53-522E-C1B4A2EE76DE}.Debug|Any CPU.ActiveCfg = Debug|Any CPU
		{6B7A7F4C-FCE9-EA53-522E-C1B4A2EE76DE}.Debug|Any CPU.Build.0 = Debug|Any CPU
		{6B7A7F4C-FCE9-EA53-522E-C1B4A2EE76DE}.Release|Any CPU.ActiveCfg = Release|Any CPU
		{6B7A7F4C-FCE9-EA53-522E-C1B4A2EE76DE}.Release|Any CPU.Build.0 = Release|Any CPU
		{CA6EFA59-2A8D-DDCC-D24A-62268D3F59BF}.Debug|Any CPU.ActiveCfg = Debug|Any CPU
		{CA6EFA59-2A8D-DDCC-D24A-62268D3F59BF}.Debug|Any CPU.Build.0 = Debug|Any CPU
		{CA6EFA59-2A8D-DDCC-D24A-62268D3F59BF}.Release|Any CPU.ActiveCfg = Release|Any CPU
		{CA6EFA59-2A8D-DDCC-D24A-62268D3F59BF}.Release|Any CPU.Build.0 = Release|Any CPU
		{0E7B3F80-2A4D-4444-B885-8794BEE43BA4}.Debug|Any CPU.ActiveCfg = Debug|Any CPU
		{0E7B3F80-2A4D-4444-B885-8794BEE43BA4}.Debug|Any CPU.Build.0 = Debug|Any CPU
		{0E7B3F80-2A4D-4444-B885-8794BEE43BA4}.Release|Any CPU.ActiveCfg = Release|Any CPU
		{0E7B3F80-2A4D-4444-B885-8794BEE43BA4}.Release|Any CPU.Build.0 = Release|Any CPU
		{2E43DB4B-C86F-4A22-89C8-9281A76541E5}.Debug|Any CPU.ActiveCfg = Debug|Any CPU
		{2E43DB4B-C86F-4A22-89C8-9281A76541E5}.Debug|Any CPU.Build.0 = Debug|Any CPU
		{2E43DB4B-C86F-4A22-89C8-9281A76541E5}.Release|Any CPU.ActiveCfg = Release|Any CPU
		{2E43DB4B-C86F-4A22-89C8-9281A76541E5}.Release|Any CPU.Build.0 = Release|Any CPU
		{49510137-D8EA-4721-8E9C-C7851FA505F7}.Debug|Any CPU.ActiveCfg = Debug|Any CPU
		{49510137-D8EA-4721-8E9C-C7851FA505F7}.Debug|Any CPU.Build.0 = Debug|Any CPU
		{49510137-D8EA-4721-8E9C-C7851FA505F7}.Release|Any CPU.ActiveCfg = Release|Any CPU
		{49510137-D8EA-4721-8E9C-C7851FA505F7}.Release|Any CPU.Build.0 = Release|Any CPU
		{AA9E9085-5160-4362-90A8-D17FA8689E7D}.Debug|Any CPU.ActiveCfg = Debug|Any CPU
		{AA9E9085-5160-4362-90A8-D17FA8689E7D}.Debug|Any CPU.Build.0 = Debug|Any CPU
		{AA9E9085-5160-4362-90A8-D17FA8689E7D}.Release|Any CPU.ActiveCfg = Release|Any CPU
		{AA9E9085-5160-4362-90A8-D17FA8689E7D}.Release|Any CPU.Build.0 = Release|Any CPU
		{66440D4E-3A5C-4708-80D5-821AA2A02AFA}.Debug|Any CPU.ActiveCfg = Debug|Any CPU
		{66440D4E-3A5C-4708-80D5-821AA2A02AFA}.Debug|Any CPU.Build.0 = Debug|Any CPU
		{66440D4E-3A5C-4708-80D5-821AA2A02AFA}.Release|Any CPU.ActiveCfg = Release|Any CPU
		{66440D4E-3A5C-4708-80D5-821AA2A02AFA}.Release|Any CPU.Build.0 = Release|Any CPU
		{954233B9-5F32-4FB6-8828-61B681EFA195}.Debug|Any CPU.ActiveCfg = Debug|Any CPU
		{954233B9-5F32-4FB6-8828-61B681EFA195}.Debug|Any CPU.Build.0 = Debug|Any CPU
		{954233B9-5F32-4FB6-8828-61B681EFA195}.Release|Any CPU.ActiveCfg = Release|Any CPU
		{954233B9-5F32-4FB6-8828-61B681EFA195}.Release|Any CPU.Build.0 = Release|Any CPU
		{5736698D-FB4B-4B4F-A96D-ABAC088DDB9D}.Debug|Any CPU.ActiveCfg = Debug|Any CPU
		{5736698D-FB4B-4B4F-A96D-ABAC088DDB9D}.Debug|Any CPU.Build.0 = Debug|Any CPU
		{5736698D-FB4B-4B4F-A96D-ABAC088DDB9D}.Release|Any CPU.ActiveCfg = Release|Any CPU
		{5736698D-FB4B-4B4F-A96D-ABAC088DDB9D}.Release|Any CPU.Build.0 = Release|Any CPU
		{32D02530-A0F0-42A2-9499-73ADEDB776C7}.Debug|Any CPU.ActiveCfg = Debug|Any CPU
		{32D02530-A0F0-42A2-9499-73ADEDB776C7}.Debug|Any CPU.Build.0 = Debug|Any CPU
		{32D02530-A0F0-42A2-9499-73ADEDB776C7}.Release|Any CPU.ActiveCfg = Release|Any CPU
		{32D02530-A0F0-42A2-9499-73ADEDB776C7}.Release|Any CPU.Build.0 = Release|Any CPU
		{F0F83027-D073-49AA-AD04-62F4A96C6177}.Debug|Any CPU.ActiveCfg = Debug|Any CPU
		{F0F83027-D073-49AA-AD04-62F4A96C6177}.Debug|Any CPU.Build.0 = Debug|Any CPU
		{F0F83027-D073-49AA-AD04-62F4A96C6177}.Release|Any CPU.ActiveCfg = Release|Any CPU
		{F0F83027-D073-49AA-AD04-62F4A96C6177}.Release|Any CPU.Build.0 = Release|Any CPU
		{415E26B1-DF73-4BF8-9E1A-37C0F45E47A9}.Debug|Any CPU.ActiveCfg = Debug|Any CPU
		{415E26B1-DF73-4BF8-9E1A-37C0F45E47A9}.Debug|Any CPU.Build.0 = Debug|Any CPU
		{415E26B1-DF73-4BF8-9E1A-37C0F45E47A9}.Release|Any CPU.ActiveCfg = Release|Any CPU
		{415E26B1-DF73-4BF8-9E1A-37C0F45E47A9}.Release|Any CPU.Build.0 = Release|Any CPU
		{985B77FF-C423-40FC-94CF-0129F14488F4}.Debug|Any CPU.ActiveCfg = Debug|Any CPU
		{985B77FF-C423-40FC-94CF-0129F14488F4}.Debug|Any CPU.Build.0 = Debug|Any CPU
		{985B77FF-C423-40FC-94CF-0129F14488F4}.Release|Any CPU.ActiveCfg = Release|Any CPU
		{985B77FF-C423-40FC-94CF-0129F14488F4}.Release|Any CPU.Build.0 = Release|Any CPU
		{95DDE9BB-19E6-9E4C-C30B-B908D1D4C904}.Debug|Any CPU.ActiveCfg = Debug|Any CPU
		{95DDE9BB-19E6-9E4C-C30B-B908D1D4C904}.Debug|Any CPU.Build.0 = Debug|Any CPU
		{95DDE9BB-19E6-9E4C-C30B-B908D1D4C904}.Release|Any CPU.ActiveCfg = Release|Any CPU
		{95DDE9BB-19E6-9E4C-C30B-B908D1D4C904}.Release|Any CPU.Build.0 = Release|Any CPU
		{DCE67E2A-EE52-D2C2-2B8D-B64518D6D84F}.Debug|Any CPU.ActiveCfg = Debug|Any CPU
		{DCE67E2A-EE52-D2C2-2B8D-B64518D6D84F}.Debug|Any CPU.Build.0 = Debug|Any CPU
		{DCE67E2A-EE52-D2C2-2B8D-B64518D6D84F}.Release|Any CPU.ActiveCfg = Release|Any CPU
		{DCE67E2A-EE52-D2C2-2B8D-B64518D6D84F}.Release|Any CPU.Build.0 = Release|Any CPU
		{61CBF9E1-D471-D3E9-9DD9-9D6E76F9904E}.Debug|Any CPU.ActiveCfg = Debug|Any CPU
		{61CBF9E1-D471-D3E9-9DD9-9D6E76F9904E}.Debug|Any CPU.Build.0 = Debug|Any CPU
		{61CBF9E1-D471-D3E9-9DD9-9D6E76F9904E}.Release|Any CPU.ActiveCfg = Release|Any CPU
		{61CBF9E1-D471-D3E9-9DD9-9D6E76F9904E}.Release|Any CPU.Build.0 = Release|Any CPU
		{74C81D5F-518D-345C-C057-B6B3D89A1440}.Debug|Any CPU.ActiveCfg = Debug|Any CPU
		{74C81D5F-518D-345C-C057-B6B3D89A1440}.Debug|Any CPU.Build.0 = Debug|Any CPU
		{74C81D5F-518D-345C-C057-B6B3D89A1440}.Release|Any CPU.ActiveCfg = Release|Any CPU
		{74C81D5F-518D-345C-C057-B6B3D89A1440}.Release|Any CPU.Build.0 = Release|Any CPU
		{58E6364F-C765-4754-9608-75F9B421FFA3}.Debug|Any CPU.ActiveCfg = Debug|Any CPU
		{58E6364F-C765-4754-9608-75F9B421FFA3}.Debug|Any CPU.Build.0 = Debug|Any CPU
		{58E6364F-C765-4754-9608-75F9B421FFA3}.Release|Any CPU.ActiveCfg = Release|Any CPU
		{58E6364F-C765-4754-9608-75F9B421FFA3}.Release|Any CPU.Build.0 = Release|Any CPU
		{250FBBF6-3C11-4AB2-9067-F31F37AEB376}.Debug|Any CPU.ActiveCfg = Debug|Any CPU
		{250FBBF6-3C11-4AB2-9067-F31F37AEB376}.Debug|Any CPU.Build.0 = Debug|Any CPU
		{250FBBF6-3C11-4AB2-9067-F31F37AEB376}.Release|Any CPU.ActiveCfg = Release|Any CPU
		{250FBBF6-3C11-4AB2-9067-F31F37AEB376}.Release|Any CPU.Build.0 = Release|Any CPU
		{A60E4794-F658-45BF-9A7E-AFD0E9207783}.Debug|Any CPU.ActiveCfg = Debug|Any CPU
		{A60E4794-F658-45BF-9A7E-AFD0E9207783}.Debug|Any CPU.Build.0 = Debug|Any CPU
		{A60E4794-F658-45BF-9A7E-AFD0E9207783}.Release|Any CPU.ActiveCfg = Release|Any CPU
		{A60E4794-F658-45BF-9A7E-AFD0E9207783}.Release|Any CPU.Build.0 = Release|Any CPU
		{CA5CE2A7-0817-4116-B319-8D58D4968912}.Debug|Any CPU.ActiveCfg = Debug|Any CPU
		{CA5CE2A7-0817-4116-B319-8D58D4968912}.Debug|Any CPU.Build.0 = Debug|Any CPU
		{CA5CE2A7-0817-4116-B319-8D58D4968912}.Release|Any CPU.ActiveCfg = Release|Any CPU
		{CA5CE2A7-0817-4116-B319-8D58D4968912}.Release|Any CPU.Build.0 = Release|Any CPU
		{1AFBF047-6809-44F3-BA2A-9B7F6F51136A}.Debug|Any CPU.ActiveCfg = Debug|Any CPU
		{1AFBF047-6809-44F3-BA2A-9B7F6F51136A}.Debug|Any CPU.Build.0 = Debug|Any CPU
		{1AFBF047-6809-44F3-BA2A-9B7F6F51136A}.Release|Any CPU.ActiveCfg = Release|Any CPU
		{1AFBF047-6809-44F3-BA2A-9B7F6F51136A}.Release|Any CPU.Build.0 = Release|Any CPU
		{6987C4FD-D8A9-496C-831D-8E8D24C782E9}.Debug|Any CPU.ActiveCfg = Debug|Any CPU
		{6987C4FD-D8A9-496C-831D-8E8D24C782E9}.Debug|Any CPU.Build.0 = Debug|Any CPU
		{6987C4FD-D8A9-496C-831D-8E8D24C782E9}.Release|Any CPU.ActiveCfg = Release|Any CPU
		{6987C4FD-D8A9-496C-831D-8E8D24C782E9}.Release|Any CPU.Build.0 = Release|Any CPU
		{62501092-CA56-4BB1-A597-FED7EB9EF41E}.Debug|Any CPU.ActiveCfg = Debug|Any CPU
		{62501092-CA56-4BB1-A597-FED7EB9EF41E}.Debug|Any CPU.Build.0 = Debug|Any CPU
		{62501092-CA56-4BB1-A597-FED7EB9EF41E}.Release|Any CPU.ActiveCfg = Release|Any CPU
		{62501092-CA56-4BB1-A597-FED7EB9EF41E}.Release|Any CPU.Build.0 = Release|Any CPU
		{1B9B7B03-6EF6-4030-B4DD-8F283A74797E}.Debug|Any CPU.ActiveCfg = Debug|Any CPU
		{1B9B7B03-6EF6-4030-B4DD-8F283A74797E}.Debug|Any CPU.Build.0 = Debug|Any CPU
		{1B9B7B03-6EF6-4030-B4DD-8F283A74797E}.Release|Any CPU.ActiveCfg = Release|Any CPU
		{1B9B7B03-6EF6-4030-B4DD-8F283A74797E}.Release|Any CPU.Build.0 = Release|Any CPU
		{B0532D93-5774-441D-A310-2028ACE15A9C}.Debug|Any CPU.ActiveCfg = Debug|Any CPU
		{B0532D93-5774-441D-A310-2028ACE15A9C}.Debug|Any CPU.Build.0 = Debug|Any CPU
		{B0532D93-5774-441D-A310-2028ACE15A9C}.Release|Any CPU.ActiveCfg = Release|Any CPU
		{B0532D93-5774-441D-A310-2028ACE15A9C}.Release|Any CPU.Build.0 = Release|Any CPU
	EndGlobalSection
	GlobalSection(SolutionProperties) = preSolution
		HideSolutionNode = FALSE
	EndGlobalSection
	GlobalSection(NestedProjects) = preSolution
		{FCF68B70-89EE-4088-B3A9-BB71C183B1C0} = {F3B4D753-FA1A-433C-86D7-CAF37A57A2A0}
		{A1BE9BEF-2696-4D0B-8436-0BDAE7ECCB17} = {F3B4D753-FA1A-433C-86D7-CAF37A57A2A0}
		{8C54E026-4E95-46C4-BACA-F3C8A4C54C61} = {F3B4D753-FA1A-433C-86D7-CAF37A57A2A0}
		{ED6C17FC-1BC9-4564-8C55-0837FDC926B1} = {F3B4D753-FA1A-433C-86D7-CAF37A57A2A0}
		{97487578-A198-4532-A74E-9AF3A223E1D1} = {14F4A126-4EB5-4D61-9848-7F59CA1E3982}
		{560EAC85-94AC-48F5-851E-32D1680E7A41} = {F3B4D753-FA1A-433C-86D7-CAF37A57A2A0}
		{B21BE443-6729-4259-A553-4C8ABA3E68F8} = {14F4A126-4EB5-4D61-9848-7F59CA1E3982}
		{941C9478-43D5-4B03-AE92-ECCCDCCFACC7} = {45431AA5-F22A-4CB0-A608-95B703BFD809}
		{1BFAC351-F44B-42D4-B88F-CD4516E0EE67} = {45431AA5-F22A-4CB0-A608-95B703BFD809}
		{1D8B480D-B6CB-4274-ADFF-623837FAC344} = {1BFAC351-F44B-42D4-B88F-CD4516E0EE67}
		{5563FED2-808A-43AA-BE3E-916F6B38AEB8} = {EB06D2B7-0DB7-4DFE-8861-7E2B306445F1}
		{76A649B3-791F-454B-984C-E33C929F5541} = {1BFAC351-F44B-42D4-B88F-CD4516E0EE67}
		{A9966593-B588-489B-91F9-3672A31ACEE9} = {1BFAC351-F44B-42D4-B88F-CD4516E0EE67}
		{D8090CC8-4B95-4F15-AB50-8E77E0A5AB11} = {941C9478-43D5-4B03-AE92-ECCCDCCFACC7}
		{14C3004E-A308-4F61-A60A-A092A487EBB2} = {FA21C3CC-FFCD-4D4F-9BFA-C986E3DA95C7}
		{C4FE7FAC-C6C0-44B9-823F-359F801BF132} = {941C9478-43D5-4B03-AE92-ECCCDCCFACC7}
		{1A03A0E9-D6B9-42BA-8051-3CE01A8BD7BF} = {770CB1BD-06CA-433B-8D64-C648C4B0B371}
		{496A7796-20AC-4A65-82FF-A44F6E8A6F62} = {941C9478-43D5-4B03-AE92-ECCCDCCFACC7}
		{DAF5F199-CB08-40F6-A76D-B6CE4A766950} = {1BFAC351-F44B-42D4-B88F-CD4516E0EE67}
		{7BDA6CE8-0D55-4DEC-9CD3-5807A17CE92C} = {EBE38069-170B-4FB0-9712-3E96FA7D9ABE}
		{632A9299-F7C5-4CF8-B1A8-072E25CA0584} = {EBE38069-170B-4FB0-9712-3E96FA7D9ABE}
		{02EA681E-C7D8-13C7-8484-4AC65E1B71E8} = {45431AA5-F22A-4CB0-A608-95B703BFD809}
		{42FCC626-AA2C-44C5-87AE-E78D1A62B813} = {45431AA5-F22A-4CB0-A608-95B703BFD809}
		{49D62F5B-5804-49CE-909E-3C4094F3BE25} = {45431AA5-F22A-4CB0-A608-95B703BFD809}
		{80C5A1B7-DA75-42B0-8278-37DC104C8DBA} = {45431AA5-F22A-4CB0-A608-95B703BFD809}
		{280391C0-06AF-5866-808C-0B9868116647} = {49D62F5B-5804-49CE-909E-3C4094F3BE25}
		{D380E45B-0B20-44F6-9DFB-EB2174EC45E6} = {49D62F5B-5804-49CE-909E-3C4094F3BE25}
		{2DFCC1CC-DF39-4A2A-9073-761B05F3218A} = {F1C531F9-6B01-4B79-9C80-4038DFA1491B}
		{F1C531F9-6B01-4B79-9C80-4038DFA1491B} = {49D62F5B-5804-49CE-909E-3C4094F3BE25}
		{11DB9690-F905-4DD7-88E6-069BFA33E650} = {49D62F5B-5804-49CE-909E-3C4094F3BE25}
		{E457D8A2-2DFF-421B-A624-4F36091DC7B6} = {45431AA5-F22A-4CB0-A608-95B703BFD809}
		{28053993-3F41-4057-96BB-25EF2E7E5B5D} = {45431AA5-F22A-4CB0-A608-95B703BFD809}
		{F9513B6B-D4DA-4A42-9CF5-21ADAA225EEF} = {49D62F5B-5804-49CE-909E-3C4094F3BE25}
		{8385869B-350A-42F4-A2EE-37101DADC08D} = {F9513B6B-D4DA-4A42-9CF5-21ADAA225EEF}
		{5792CB9D-5032-4E5F-9DA1-0919E0FED444} = {14F4A126-4EB5-4D61-9848-7F59CA1E3982}
		{C56A945C-BB7E-4BA7-AA8F-600ED54B3720} = {45431AA5-F22A-4CB0-A608-95B703BFD809}
		{CE00D1CC-0D57-47C2-8ADB-75FEC1192D0B} = {C56A945C-BB7E-4BA7-AA8F-600ED54B3720}
		{4B02AC9D-9C83-4059-A6EA-BACB6E1AF1A0} = {C56A945C-BB7E-4BA7-AA8F-600ED54B3720}
		{468F0CBD-4878-CBD0-F9D2-2E39B3E6746B} = {4B02AC9D-9C83-4059-A6EA-BACB6E1AF1A0}
		{326C7318-56E7-4C74-AB91-F36BADE3B8DE} = {CE00D1CC-0D57-47C2-8ADB-75FEC1192D0B}
		{770CB1BD-06CA-433B-8D64-C648C4B0B371} = {941C9478-43D5-4B03-AE92-ECCCDCCFACC7}
		{BFAA4388-BDA2-4883-9634-4135BAAC456E} = {770CB1BD-06CA-433B-8D64-C648C4B0B371}
		{0121209E-B44D-4199-9FC3-2E16AD2EB5E6} = {45431AA5-F22A-4CB0-A608-95B703BFD809}
		{17FF27F1-7F63-436B-90A3-9D80BDFD3A7D} = {1C891F22-816F-4BEF-B298-0970F4E79206}
		{B7AD9619-8672-49E5-8565-96E935CCBB5C} = {1C891F22-816F-4BEF-B298-0970F4E79206}
		{7E807E59-48D2-46BD-BD09-F7E151E825C8} = {45431AA5-F22A-4CB0-A608-95B703BFD809}
		{8AC219B7-84A2-483E-9A3C-BF56C6862512} = {FA21C3CC-FFCD-4D4F-9BFA-C986E3DA95C7}
		{EB06D2B7-0DB7-4DFE-8861-7E2B306445F1} = {1BFAC351-F44B-42D4-B88F-CD4516E0EE67}
		{F4189EB8-563D-4860-9DFD-09556DCE4900} = {EB06D2B7-0DB7-4DFE-8861-7E2B306445F1}
		{FA21C3CC-FFCD-4D4F-9BFA-C986E3DA95C7} = {941C9478-43D5-4B03-AE92-ECCCDCCFACC7}
		{215A90A8-867C-46D4-96D8-BC3E0C16A157} = {D7BF5468-65C5-4C20-9ABE-3BA8F0E2990E}
		{934437ED-497E-859F-48B0-300F515EA8B3} = {D7BF5468-65C5-4C20-9ABE-3BA8F0E2990E}
		{569A93EF-666F-E03C-593F-F9B600173F22} = {D7BF5468-65C5-4C20-9ABE-3BA8F0E2990E}
		{6B7A7F4C-FCE9-EA53-522E-C1B4A2EE76DE} = {D7BF5468-65C5-4C20-9ABE-3BA8F0E2990E}
		{CA6EFA59-2A8D-DDCC-D24A-62268D3F59BF} = {D7BF5468-65C5-4C20-9ABE-3BA8F0E2990E}
		{ADAD0C6D-2430-4389-B118-E26E36B20B37} = {1C891F22-816F-4BEF-B298-0970F4E79206}
		{0E7B3F80-2A4D-4444-B885-8794BEE43BA4} = {0121209E-B44D-4199-9FC3-2E16AD2EB5E6}
		{2E43DB4B-C86F-4A22-89C8-9281A76541E5} = {0121209E-B44D-4199-9FC3-2E16AD2EB5E6}
		{B63540B4-582C-458E-87E7-895FA1CF9A6E} = {45431AA5-F22A-4CB0-A608-95B703BFD809}
		{49510137-D8EA-4721-8E9C-C7851FA505F7} = {0121209E-B44D-4199-9FC3-2E16AD2EB5E6}
		{AA9E9085-5160-4362-90A8-D17FA8689E7D} = {42FCC626-AA2C-44C5-87AE-E78D1A62B813}
		{09BD7864-0D70-4386-882C-3FC11EA2E994} = {45431AA5-F22A-4CB0-A608-95B703BFD809}
		{66440D4E-3A5C-4708-80D5-821AA2A02AFA} = {E457D8A2-2DFF-421B-A624-4F36091DC7B6}
		{954233B9-5F32-4FB6-8828-61B681EFA195} = {14F4A126-4EB5-4D61-9848-7F59CA1E3982}
		{5736698D-FB4B-4B4F-A96D-ABAC088DDB9D} = {14F4A126-4EB5-4D61-9848-7F59CA1E3982}
		{87093D55-1CB5-47B1-9CCE-2BFD286D6DAC} = {FFD7195C-8943-44AB-A14C-E71E70F0ABAB}
		{32D02530-A0F0-42A2-9499-73ADEDB776C7} = {87093D55-1CB5-47B1-9CCE-2BFD286D6DAC}
		{F0F83027-D073-49AA-AD04-62F4A96C6177} = {87093D55-1CB5-47B1-9CCE-2BFD286D6DAC}
		{415E26B1-DF73-4BF8-9E1A-37C0F45E47A9} = {87093D55-1CB5-47B1-9CCE-2BFD286D6DAC}
		{985B77FF-C423-40FC-94CF-0129F14488F4} = {87093D55-1CB5-47B1-9CCE-2BFD286D6DAC}
		{95DDE9BB-19E6-9E4C-C30B-B908D1D4C904} = {B7AD9619-8672-49E5-8565-96E935CCBB5C}
		{DCE67E2A-EE52-D2C2-2B8D-B64518D6D84F} = {B7AD9619-8672-49E5-8565-96E935CCBB5C}
		{61CBF9E1-D471-D3E9-9DD9-9D6E76F9904E} = {B7AD9619-8672-49E5-8565-96E935CCBB5C}
		{74C81D5F-518D-345C-C057-B6B3D89A1440} = {B7AD9619-8672-49E5-8565-96E935CCBB5C}
		{875326DA-D27E-409F-A78F-E0621E6086C2} = {B7AD9619-8672-49E5-8565-96E935CCBB5C}
		{58E6364F-C765-4754-9608-75F9B421FFA3} = {875326DA-D27E-409F-A78F-E0621E6086C2}
		{250FBBF6-3C11-4AB2-9067-F31F37AEB376} = {875326DA-D27E-409F-A78F-E0621E6086C2}
		{A60E4794-F658-45BF-9A7E-AFD0E9207783} = {FFD7195C-8943-44AB-A14C-E71E70F0ABAB}
		{CA5CE2A7-0817-4116-B319-8D58D4968912} = {6ACDAE53-3341-4749-BBC8-8F2AB17C9103}
		{1AFBF047-6809-44F3-BA2A-9B7F6F51136A} = {6ACDAE53-3341-4749-BBC8-8F2AB17C9103}
		{6987C4FD-D8A9-496C-831D-8E8D24C782E9} = {FFD7195C-8943-44AB-A14C-E71E70F0ABAB}
		{62501092-CA56-4BB1-A597-FED7EB9EF41E} = {87093D55-1CB5-47B1-9CCE-2BFD286D6DAC}
		{A3A8F348-9AA2-4044-900B-E8F7D24E9B7D} = {FFD7195C-8943-44AB-A14C-E71E70F0ABAB}
		{8F4BBAF2-A0B5-4927-B372-62D2D808CA64} = {FFD7195C-8943-44AB-A14C-E71E70F0ABAB}
		{1B9B7B03-6EF6-4030-B4DD-8F283A74797E} = {6ACDAE53-3341-4749-BBC8-8F2AB17C9103}
		{B0532D93-5774-441D-A310-2028ACE15A9C} = {6ACDAE53-3341-4749-BBC8-8F2AB17C9103}
	EndGlobalSection
	GlobalSection(ExtensibilityGlobals) = postSolution
		SolutionGuid = {700D4573-6F29-4AF9-9FF5-454C6376FB81}
	EndGlobalSection
EndGlobal
